
Microsoft Visual Studio Solution File, Format Version 12.00
# Visual Studio Version 17
VisualStudioVersion = 17.6.33829.357
MinimumVisualStudioVersion = 10.0.40219.1
Project("{FAE04EC0-301F-11D3-BF4B-00C04F79EFBC}") = "Casgem.RapidAPI.Hotel", "Casgem.RapidAPI.Hotel\Casgem.RapidAPI.Hotel.csproj", "{4D293A8B-0538-455A-A649-4B2257168693}"
EndProject
Global
	GlobalSection(SolutionConfigurationPlatforms) = preSolution
		Debug|Any CPU = Debug|Any CPU
		Release|Any CPU = Release|Any CPU
	EndGlobalSection
	GlobalSection(ProjectConfigurationPlatforms) = postSolution
		{4D293A8B-0538-455A-A649-4B2257168693}.Debug|Any CPU.ActiveCfg = Debug|Any CPU
		{4D293A8B-0538-455A-A649-4B2257168693}.Debug|Any CPU.Build.0 = Debug|Any CPU
		{4D293A8B-0538-455A-A649-4B2257168693}.Release|Any CPU.ActiveCfg = Release|Any CPU
		{4D293A8B-0538-455A-A649-4B2257168693}.Release|Any CPU.Build.0 = Release|Any CPU
	EndGlobalSection
	GlobalSection(SolutionProperties) = preSolution
		HideSolutionNode = FALSE
	EndGlobalSection
	GlobalSection(ExtensibilityGlobals) = postSolution
		SolutionGuid = {A8E85778-B62C-47B8-94BD-12CAEDDADEB8}
	EndGlobalSection
EndGlobal
